// !$*UTF8*$!
{
	archiveVersion = 1;
	classes = {
	};
	objectVersion = 52;
	objects = {

/* Begin PBXBuildFile section */
		2E1E9FEA26695D1700D1AAC4 /* app_ios_fw_testApp.swift in Sources */ = {isa = PBXBuildFile; fileRef = 2E1E9FE926695D1700D1AAC4 /* app_ios_fw_testApp.swift */; };
		2E1E9FEC26695D1700D1AAC4 /* ContentView.swift in Sources */ = {isa = PBXBuildFile; fileRef = 2E1E9FEB26695D1700D1AAC4 /* ContentView.swift */; };
		2E1E9FEE26695D1800D1AAC4 /* Assets.xcassets in Resources */ = {isa = PBXBuildFile; fileRef = 2E1E9FED26695D1800D1AAC4 /* Assets.xcassets */; };
		2E1E9FF126695D1800D1AAC4 /* Preview Assets.xcassets in Resources */ = {isa = PBXBuildFile; fileRef = 2E1E9FF026695D1800D1AAC4 /* Preview Assets.xcassets */; };
		2E1E9FFC26695D1800D1AAC4 /* app_ios_fw_testTests.swift in Sources */ = {isa = PBXBuildFile; fileRef = 2E1E9FFB26695D1800D1AAC4 /* app_ios_fw_testTests.swift */; };
		2E1EA00726695D1800D1AAC4 /* app_ios_fw_testUITests.swift in Sources */ = {isa = PBXBuildFile; fileRef = 2E1EA00626695D1800D1AAC4 /* app_ios_fw_testUITests.swift */; };
		2E1EA01926695D7000D1AAC4 /* Assets.xcassets in Resources */ = {isa = PBXBuildFile; fileRef = 2E1EA01826695D7000D1AAC4 /* Assets.xcassets */; };
		2E1EA02026695D7000D1AAC4 /* watchApp-fw-test Extension.appex in Embed App Extensions */ = {isa = PBXBuildFile; fileRef = 2E1EA01F26695D7000D1AAC4 /* watchApp-fw-test Extension.appex */; settings = {ATTRIBUTES = (RemoveHeadersOnCopy, ); }; };
		2E1EA02526695D7000D1AAC4 /* app_ios_fw_testApp.swift in Sources */ = {isa = PBXBuildFile; fileRef = 2E1EA02426695D7000D1AAC4 /* app_ios_fw_testApp.swift */; };
		2E1EA02726695D7000D1AAC4 /* ContentView.swift in Sources */ = {isa = PBXBuildFile; fileRef = 2E1EA02626695D7000D1AAC4 /* ContentView.swift */; };
		2E1EA02926695D7000D1AAC4 /* NotificationController.swift in Sources */ = {isa = PBXBuildFile; fileRef = 2E1EA02826695D7000D1AAC4 /* NotificationController.swift */; };
		2E1EA02B26695D7000D1AAC4 /* NotificationView.swift in Sources */ = {isa = PBXBuildFile; fileRef = 2E1EA02A26695D7000D1AAC4 /* NotificationView.swift */; };
		2E1EA02D26695D7000D1AAC4 /* ComplicationController.swift in Sources */ = {isa = PBXBuildFile; fileRef = 2E1EA02C26695D7000D1AAC4 /* ComplicationController.swift */; };
		2E1EA02F26695D7100D1AAC4 /* Assets.xcassets in Resources */ = {isa = PBXBuildFile; fileRef = 2E1EA02E26695D7100D1AAC4 /* Assets.xcassets */; };
		2E1EA03226695D7100D1AAC4 /* Preview Assets.xcassets in Resources */ = {isa = PBXBuildFile; fileRef = 2E1EA03126695D7100D1AAC4 /* Preview Assets.xcassets */; };
		2E1EA03E26695D7100D1AAC4 /* watchApp_fw_testTests.swift in Sources */ = {isa = PBXBuildFile; fileRef = 2E1EA03D26695D7100D1AAC4 /* watchApp_fw_testTests.swift */; };
		2E1EA04926695D7100D1AAC4 /* watchApp_fw_testUITests.swift in Sources */ = {isa = PBXBuildFile; fileRef = 2E1EA04826695D7100D1AAC4 /* watchApp_fw_testUITests.swift */; };
		2E1EA04D26695D7100D1AAC4 /* watchApp-fw-test.app in Embed Watch Content */ = {isa = PBXBuildFile; fileRef = 2E1EA01626695D6E00D1AAC4 /* watchApp-fw-test.app */; settings = {ATTRIBUTES = (RemoveHeadersOnCopy, ); }; };
		2ECC3007266A765500A78B77 /* HelloWorldFramework2.xcframework in Frameworks */ = {isa = PBXBuildFile; fileRef = 2E1EA07826697D5400D1AAC4 /* HelloWorldFramework2.xcframework */; };
		2ECC3008266A765500A78B77 /* HelloWorldFramework2.xcframework in Embed Frameworks */ = {isa = PBXBuildFile; fileRef = 2E1EA07826697D5400D1AAC4 /* HelloWorldFramework2.xcframework */; settings = {ATTRIBUTES = (CodeSignOnCopy, RemoveHeadersOnCopy, ); }; };
		2ECC300A266A766B00A78B77 /* HelloWorldFramework2.xcframework in Frameworks */ = {isa = PBXBuildFile; fileRef = 2E1EA07826697D5400D1AAC4 /* HelloWorldFramework2.xcframework */; };
		2ECC300B266A766B00A78B77 /* HelloWorldFramework2.xcframework in Embed Frameworks */ = {isa = PBXBuildFile; fileRef = 2E1EA07826697D5400D1AAC4 /* HelloWorldFramework2.xcframework */; settings = {ATTRIBUTES = (CodeSignOnCopy, RemoveHeadersOnCopy, ); }; };
/* End PBXBuildFile section */

/* Begin PBXContainerItemProxy section */
		2E1E9FF826695D1800D1AAC4 /* PBXContainerItemProxy */ = {
			isa = PBXContainerItemProxy;
			containerPortal = 2E1E9FDE26695D1700D1AAC4 /* Project object */;
			proxyType = 1;
			remoteGlobalIDString = 2E1E9FE526695D1700D1AAC4;
			remoteInfo = "app-ios-fw-test";
		};
		2E1EA00326695D1800D1AAC4 /* PBXContainerItemProxy */ = {
			isa = PBXContainerItemProxy;
			containerPortal = 2E1E9FDE26695D1700D1AAC4 /* Project object */;
			proxyType = 1;
			remoteGlobalIDString = 2E1E9FE526695D1700D1AAC4;
			remoteInfo = "app-ios-fw-test";
		};
		2E1EA02126695D7000D1AAC4 /* PBXContainerItemProxy */ = {
			isa = PBXContainerItemProxy;
			containerPortal = 2E1E9FDE26695D1700D1AAC4 /* Project object */;
			proxyType = 1;
			remoteGlobalIDString = 2E1EA01E26695D7000D1AAC4;
			remoteInfo = "watchApp-fw-test Extension";
		};
		2E1EA03A26695D7100D1AAC4 /* PBXContainerItemProxy */ = {
			isa = PBXContainerItemProxy;
			containerPortal = 2E1E9FDE26695D1700D1AAC4 /* Project object */;
			proxyType = 1;
			remoteGlobalIDString = 2E1EA01E26695D7000D1AAC4;
			remoteInfo = "watchApp-fw-test Extension";
		};
		2E1EA04526695D7100D1AAC4 /* PBXContainerItemProxy */ = {
			isa = PBXContainerItemProxy;
			containerPortal = 2E1E9FDE26695D1700D1AAC4 /* Project object */;
			proxyType = 1;
			remoteGlobalIDString = 2E1EA01526695D6E00D1AAC4;
			remoteInfo = "watchApp-fw-test";
		};
		2E1EA04B26695D7100D1AAC4 /* PBXContainerItemProxy */ = {
			isa = PBXContainerItemProxy;
			containerPortal = 2E1E9FDE26695D1700D1AAC4 /* Project object */;
			proxyType = 1;
			remoteGlobalIDString = 2E1EA01526695D6E00D1AAC4;
			remoteInfo = "watchApp-fw-test";
		};
/* End PBXContainerItemProxy section */

/* Begin PBXCopyFilesBuildPhase section */
		2E1EA05126695D7100D1AAC4 /* Embed App Extensions */ = {
			isa = PBXCopyFilesBuildPhase;
			buildActionMask = 2147483647;
			dstPath = "";
			dstSubfolderSpec = 13;
			files = (
				2E1EA02026695D7000D1AAC4 /* watchApp-fw-test Extension.appex in Embed App Extensions */,
			);
			name = "Embed App Extensions";
			runOnlyForDeploymentPostprocessing = 0;
		};
		2E1EA05526695D7100D1AAC4 /* Embed Watch Content */ = {
			isa = PBXCopyFilesBuildPhase;
			buildActionMask = 2147483647;
			dstPath = "$(CONTENTS_FOLDER_PATH)/Watch";
			dstSubfolderSpec = 16;
			files = (
				2E1EA04D26695D7100D1AAC4 /* watchApp-fw-test.app in Embed Watch Content */,
			);
			name = "Embed Watch Content";
			runOnlyForDeploymentPostprocessing = 0;
		};
		2ECC3009266A765500A78B77 /* Embed Frameworks */ = {
			isa = PBXCopyFilesBuildPhase;
			buildActionMask = 2147483647;
			dstPath = "";
			dstSubfolderSpec = 10;
			files = (
				2ECC3008266A765500A78B77 /* HelloWorldFramework2.xcframework in Embed Frameworks */,
			);
			name = "Embed Frameworks";
			runOnlyForDeploymentPostprocessing = 0;
		};
		2ECC300C266A766B00A78B77 /* Embed Frameworks */ = {
			isa = PBXCopyFilesBuildPhase;
			buildActionMask = 2147483647;
			dstPath = "";
			dstSubfolderSpec = 10;
			files = (
				2ECC300B266A766B00A78B77 /* HelloWorldFramework2.xcframework in Embed Frameworks */,
			);
			name = "Embed Frameworks";
			runOnlyForDeploymentPostprocessing = 0;
		};
/* End PBXCopyFilesBuildPhase section */

/* Begin PBXFileReference section */
		2E1E9FE626695D1700D1AAC4 /* app-ios-fw-test.app */ = {isa = PBXFileReference; explicitFileType = wrapper.application; includeInIndex = 0; path = "app-ios-fw-test.app"; sourceTree = BUILT_PRODUCTS_DIR; };
		2E1E9FE926695D1700D1AAC4 /* app_ios_fw_testApp.swift */ = {isa = PBXFileReference; lastKnownFileType = sourcecode.swift; path = app_ios_fw_testApp.swift; sourceTree = "<group>"; };
		2E1E9FEB26695D1700D1AAC4 /* ContentView.swift */ = {isa = PBXFileReference; lastKnownFileType = sourcecode.swift; path = ContentView.swift; sourceTree = "<group>"; };
		2E1E9FED26695D1800D1AAC4 /* Assets.xcassets */ = {isa = PBXFileReference; lastKnownFileType = folder.assetcatalog; path = Assets.xcassets; sourceTree = "<group>"; };
		2E1E9FF026695D1800D1AAC4 /* Preview Assets.xcassets */ = {isa = PBXFileReference; lastKnownFileType = folder.assetcatalog; path = "Preview Assets.xcassets"; sourceTree = "<group>"; };
		2E1E9FF226695D1800D1AAC4 /* Info.plist */ = {isa = PBXFileReference; lastKnownFileType = text.plist.xml; path = Info.plist; sourceTree = "<group>"; };
		2E1E9FF726695D1800D1AAC4 /* app-ios-fw-testTests.xctest */ = {isa = PBXFileReference; explicitFileType = wrapper.cfbundle; includeInIndex = 0; path = "app-ios-fw-testTests.xctest"; sourceTree = BUILT_PRODUCTS_DIR; };
		2E1E9FFB26695D1800D1AAC4 /* app_ios_fw_testTests.swift */ = {isa = PBXFileReference; lastKnownFileType = sourcecode.swift; path = app_ios_fw_testTests.swift; sourceTree = "<group>"; };
		2E1E9FFD26695D1800D1AAC4 /* Info.plist */ = {isa = PBXFileReference; lastKnownFileType = text.plist.xml; path = Info.plist; sourceTree = "<group>"; };
		2E1EA00226695D1800D1AAC4 /* app-ios-fw-testUITests.xctest */ = {isa = PBXFileReference; explicitFileType = wrapper.cfbundle; includeInIndex = 0; path = "app-ios-fw-testUITests.xctest"; sourceTree = BUILT_PRODUCTS_DIR; };
		2E1EA00626695D1800D1AAC4 /* app_ios_fw_testUITests.swift */ = {isa = PBXFileReference; lastKnownFileType = sourcecode.swift; path = app_ios_fw_testUITests.swift; sourceTree = "<group>"; };
		2E1EA00826695D1800D1AAC4 /* Info.plist */ = {isa = PBXFileReference; lastKnownFileType = text.plist.xml; path = Info.plist; sourceTree = "<group>"; };
		2E1EA01626695D6E00D1AAC4 /* watchApp-fw-test.app */ = {isa = PBXFileReference; explicitFileType = wrapper.application; includeInIndex = 0; path = "watchApp-fw-test.app"; sourceTree = BUILT_PRODUCTS_DIR; };
		2E1EA01826695D7000D1AAC4 /* Assets.xcassets */ = {isa = PBXFileReference; lastKnownFileType = folder.assetcatalog; path = Assets.xcassets; sourceTree = "<group>"; };
		2E1EA01A26695D7000D1AAC4 /* Info.plist */ = {isa = PBXFileReference; lastKnownFileType = text.plist.xml; path = Info.plist; sourceTree = "<group>"; };
		2E1EA01F26695D7000D1AAC4 /* watchApp-fw-test Extension.appex */ = {isa = PBXFileReference; explicitFileType = "wrapper.app-extension"; includeInIndex = 0; path = "watchApp-fw-test Extension.appex"; sourceTree = BUILT_PRODUCTS_DIR; };
		2E1EA02426695D7000D1AAC4 /* app_ios_fw_testApp.swift */ = {isa = PBXFileReference; lastKnownFileType = sourcecode.swift; path = app_ios_fw_testApp.swift; sourceTree = "<group>"; };
		2E1EA02626695D7000D1AAC4 /* ContentView.swift */ = {isa = PBXFileReference; lastKnownFileType = sourcecode.swift; path = ContentView.swift; sourceTree = "<group>"; };
		2E1EA02826695D7000D1AAC4 /* NotificationController.swift */ = {isa = PBXFileReference; lastKnownFileType = sourcecode.swift; path = NotificationController.swift; sourceTree = "<group>"; };
		2E1EA02A26695D7000D1AAC4 /* NotificationView.swift */ = {isa = PBXFileReference; lastKnownFileType = sourcecode.swift; path = NotificationView.swift; sourceTree = "<group>"; };
		2E1EA02C26695D7000D1AAC4 /* ComplicationController.swift */ = {isa = PBXFileReference; lastKnownFileType = sourcecode.swift; path = ComplicationController.swift; sourceTree = "<group>"; };
		2E1EA02E26695D7100D1AAC4 /* Assets.xcassets */ = {isa = PBXFileReference; lastKnownFileType = folder.assetcatalog; path = Assets.xcassets; sourceTree = "<group>"; };
		2E1EA03126695D7100D1AAC4 /* Preview Assets.xcassets */ = {isa = PBXFileReference; lastKnownFileType = folder.assetcatalog; path = "Preview Assets.xcassets"; sourceTree = "<group>"; };
		2E1EA03326695D7100D1AAC4 /* Info.plist */ = {isa = PBXFileReference; lastKnownFileType = text.plist.xml; path = Info.plist; sourceTree = "<group>"; };
		2E1EA03426695D7100D1AAC4 /* PushNotificationPayload.apns */ = {isa = PBXFileReference; lastKnownFileType = text; path = PushNotificationPayload.apns; sourceTree = "<group>"; };
		2E1EA03926695D7100D1AAC4 /* watchApp-fw-testTests.xctest */ = {isa = PBXFileReference; explicitFileType = wrapper.cfbundle; includeInIndex = 0; path = "watchApp-fw-testTests.xctest"; sourceTree = BUILT_PRODUCTS_DIR; };
		2E1EA03D26695D7100D1AAC4 /* watchApp_fw_testTests.swift */ = {isa = PBXFileReference; lastKnownFileType = sourcecode.swift; path = watchApp_fw_testTests.swift; sourceTree = "<group>"; };
		2E1EA03F26695D7100D1AAC4 /* Info.plist */ = {isa = PBXFileReference; lastKnownFileType = text.plist.xml; path = Info.plist; sourceTree = "<group>"; };
		2E1EA04426695D7100D1AAC4 /* watchApp-fw-testUITests.xctest */ = {isa = PBXFileReference; explicitFileType = wrapper.cfbundle; includeInIndex = 0; path = "watchApp-fw-testUITests.xctest"; sourceTree = BUILT_PRODUCTS_DIR; };
		2E1EA04826695D7100D1AAC4 /* watchApp_fw_testUITests.swift */ = {isa = PBXFileReference; lastKnownFileType = sourcecode.swift; path = watchApp_fw_testUITests.swift; sourceTree = "<group>"; };
		2E1EA04A26695D7100D1AAC4 /* Info.plist */ = {isa = PBXFileReference; lastKnownFileType = text.plist.xml; path = Info.plist; sourceTree = "<group>"; };
		2E1EA07426697B1900D1AAC4 /* HelloWorldFramework.xcframework */ = {isa = PBXFileReference; lastKnownFileType = wrapper.xcframework; name = HelloWorldFramework.xcframework; path = ../../../../../Desktop/HelloWorldFramework.xcframework; sourceTree = "<group>"; };
		2E1EA07826697D5400D1AAC4 /* HelloWorldFramework2.xcframework */ = {isa = PBXFileReference; lastKnownFileType = wrapper.xcframework; name = HelloWorldFramework2.xcframework; path = ../../../../../Desktop/HelloWorldFramework2.xcframework; sourceTree = "<group>"; };
/* End PBXFileReference section */

/* Begin PBXFrameworksBuildPhase section */
		2E1E9FE326695D1700D1AAC4 /* Frameworks */ = {
			isa = PBXFrameworksBuildPhase;
			buildActionMask = 2147483647;
			files = (
				2ECC3007266A765500A78B77 /* HelloWorldFramework2.xcframework in Frameworks */,
			);
			runOnlyForDeploymentPostprocessing = 0;
		};
		2E1E9FF426695D1800D1AAC4 /* Frameworks */ = {
			isa = PBXFrameworksBuildPhase;
			buildActionMask = 2147483647;
			files = (
			);
			runOnlyForDeploymentPostprocessing = 0;
		};
		2E1E9FFF26695D1800D1AAC4 /* Frameworks */ = {
			isa = PBXFrameworksBuildPhase;
			buildActionMask = 2147483647;
			files = (
			);
			runOnlyForDeploymentPostprocessing = 0;
		};
		2E1EA01C26695D7000D1AAC4 /* Frameworks */ = {
			isa = PBXFrameworksBuildPhase;
			buildActionMask = 2147483647;
			files = (
				2ECC300A266A766B00A78B77 /* HelloWorldFramework2.xcframework in Frameworks */,
			);
			runOnlyForDeploymentPostprocessing = 0;
		};
		2E1EA03626695D7100D1AAC4 /* Frameworks */ = {
			isa = PBXFrameworksBuildPhase;
			buildActionMask = 2147483647;
			files = (
			);
			runOnlyForDeploymentPostprocessing = 0;
		};
		2E1EA04126695D7100D1AAC4 /* Frameworks */ = {
			isa = PBXFrameworksBuildPhase;
			buildActionMask = 2147483647;
			files = (
			);
			runOnlyForDeploymentPostprocessing = 0;
		};
		2E1EA09326698E8F00D1AAC4 /* Frameworks */ = {
			isa = PBXFrameworksBuildPhase;
			buildActionMask = 2147483647;
			files = (
			);
			runOnlyForDeploymentPostprocessing = 0;
		};
/* End PBXFrameworksBuildPhase section */

/* Begin PBXGroup section */
		2E1E9FDD26695D1700D1AAC4 = {
			isa = PBXGroup;
			children = (
				2E1E9FE826695D1700D1AAC4 /* app-ios-fw-test */,
				2E1E9FFA26695D1800D1AAC4 /* app-ios-fw-testTests */,
				2E1EA00526695D1800D1AAC4 /* app-ios-fw-testUITests */,
				2E1EA01726695D6E00D1AAC4 /* watchApp-fw-test */,
				2E1EA02326695D7000D1AAC4 /* watchApp-fw-test Extension */,
				2E1EA03C26695D7100D1AAC4 /* watchApp-fw-testTests */,
				2E1EA04726695D7100D1AAC4 /* watchApp-fw-testUITests */,
				2E1E9FE726695D1700D1AAC4 /* Products */,
				2E1EA07326697B1900D1AAC4 /* Frameworks */,
			);
			sourceTree = "<group>";
		};
		2E1E9FE726695D1700D1AAC4 /* Products */ = {
			isa = PBXGroup;
			children = (
				2E1E9FE626695D1700D1AAC4 /* app-ios-fw-test.app */,
				2E1E9FF726695D1800D1AAC4 /* app-ios-fw-testTests.xctest */,
				2E1EA00226695D1800D1AAC4 /* app-ios-fw-testUITests.xctest */,
				2E1EA01626695D6E00D1AAC4 /* watchApp-fw-test.app */,
				2E1EA01F26695D7000D1AAC4 /* watchApp-fw-test Extension.appex */,
				2E1EA03926695D7100D1AAC4 /* watchApp-fw-testTests.xctest */,
				2E1EA04426695D7100D1AAC4 /* watchApp-fw-testUITests.xctest */,
			);
			name = Products;
			sourceTree = "<group>";
		};
		2E1E9FE826695D1700D1AAC4 /* app-ios-fw-test */ = {
			isa = PBXGroup;
			children = (
				2E1E9FE926695D1700D1AAC4 /* app_ios_fw_testApp.swift */,
				2E1E9FEB26695D1700D1AAC4 /* ContentView.swift */,
				2E1E9FED26695D1800D1AAC4 /* Assets.xcassets */,
				2E1E9FF226695D1800D1AAC4 /* Info.plist */,
				2E1E9FEF26695D1800D1AAC4 /* Preview Content */,
			);
			path = "app-ios-fw-test";
			sourceTree = "<group>";
		};
		2E1E9FEF26695D1800D1AAC4 /* Preview Content */ = {
			isa = PBXGroup;
			children = (
				2E1E9FF026695D1800D1AAC4 /* Preview Assets.xcassets */,
			);
			path = "Preview Content";
			sourceTree = "<group>";
		};
		2E1E9FFA26695D1800D1AAC4 /* app-ios-fw-testTests */ = {
			isa = PBXGroup;
			children = (
				2E1E9FFB26695D1800D1AAC4 /* app_ios_fw_testTests.swift */,
				2E1E9FFD26695D1800D1AAC4 /* Info.plist */,
			);
			path = "app-ios-fw-testTests";
			sourceTree = "<group>";
		};
		2E1EA00526695D1800D1AAC4 /* app-ios-fw-testUITests */ = {
			isa = PBXGroup;
			children = (
				2E1EA00626695D1800D1AAC4 /* app_ios_fw_testUITests.swift */,
				2E1EA00826695D1800D1AAC4 /* Info.plist */,
			);
			path = "app-ios-fw-testUITests";
			sourceTree = "<group>";
		};
		2E1EA01726695D6E00D1AAC4 /* watchApp-fw-test */ = {
			isa = PBXGroup;
			children = (
				2E1EA01826695D7000D1AAC4 /* Assets.xcassets */,
				2E1EA01A26695D7000D1AAC4 /* Info.plist */,
			);
			path = "watchApp-fw-test";
			sourceTree = "<group>";
		};
		2E1EA02326695D7000D1AAC4 /* watchApp-fw-test Extension */ = {
			isa = PBXGroup;
			children = (
				2E1EA02426695D7000D1AAC4 /* app_ios_fw_testApp.swift */,
				2E1EA02626695D7000D1AAC4 /* ContentView.swift */,
				2E1EA02826695D7000D1AAC4 /* NotificationController.swift */,
				2E1EA02A26695D7000D1AAC4 /* NotificationView.swift */,
				2E1EA02C26695D7000D1AAC4 /* ComplicationController.swift */,
				2E1EA02E26695D7100D1AAC4 /* Assets.xcassets */,
				2E1EA03326695D7100D1AAC4 /* Info.plist */,
				2E1EA03426695D7100D1AAC4 /* PushNotificationPayload.apns */,
				2E1EA03026695D7100D1AAC4 /* Preview Content */,
			);
			path = "watchApp-fw-test Extension";
			sourceTree = "<group>";
		};
		2E1EA03026695D7100D1AAC4 /* Preview Content */ = {
			isa = PBXGroup;
			children = (
				2E1EA03126695D7100D1AAC4 /* Preview Assets.xcassets */,
			);
			path = "Preview Content";
			sourceTree = "<group>";
		};
		2E1EA03C26695D7100D1AAC4 /* watchApp-fw-testTests */ = {
			isa = PBXGroup;
			children = (
				2E1EA03D26695D7100D1AAC4 /* watchApp_fw_testTests.swift */,
				2E1EA03F26695D7100D1AAC4 /* Info.plist */,
			);
			path = "watchApp-fw-testTests";
			sourceTree = "<group>";
		};
		2E1EA04726695D7100D1AAC4 /* watchApp-fw-testUITests */ = {
			isa = PBXGroup;
			children = (
				2E1EA04826695D7100D1AAC4 /* watchApp_fw_testUITests.swift */,
				2E1EA04A26695D7100D1AAC4 /* Info.plist */,
			);
			path = "watchApp-fw-testUITests";
			sourceTree = "<group>";
		};
		2E1EA07326697B1900D1AAC4 /* Frameworks */ = {
			isa = PBXGroup;
			children = (
				2E1EA07826697D5400D1AAC4 /* HelloWorldFramework2.xcframework */,
				2E1EA07426697B1900D1AAC4 /* HelloWorldFramework.xcframework */,
			);
			name = Frameworks;
			sourceTree = "<group>";
		};
/* End PBXGroup section */

/* Begin PBXNativeTarget section */
		2E1E9FE526695D1700D1AAC4 /* app-ios-fw-test */ = {
			isa = PBXNativeTarget;
			buildConfigurationList = 2E1EA00B26695D1800D1AAC4 /* Build configuration list for PBXNativeTarget "app-ios-fw-test" */;
			buildPhases = (
				2E1E9FE226695D1700D1AAC4 /* Sources */,
				2E1E9FE326695D1700D1AAC4 /* Frameworks */,
				2E1E9FE426695D1700D1AAC4 /* Resources */,
				2E1EA05526695D7100D1AAC4 /* Embed Watch Content */,
				2ECC3009266A765500A78B77 /* Embed Frameworks */,
			);
			buildRules = (
			);
			dependencies = (
				2E1EA04C26695D7100D1AAC4 /* PBXTargetDependency */,
			);
			name = "app-ios-fw-test";
			productName = "app-ios-fw-test";
			productReference = 2E1E9FE626695D1700D1AAC4 /* app-ios-fw-test.app */;
			productType = "com.apple.product-type.application";
		};
		2E1E9FF626695D1800D1AAC4 /* app-ios-fw-testTests */ = {
			isa = PBXNativeTarget;
			buildConfigurationList = 2E1EA00E26695D1800D1AAC4 /* Build configuration list for PBXNativeTarget "app-ios-fw-testTests" */;
			buildPhases = (
				2E1E9FF326695D1800D1AAC4 /* Sources */,
				2E1E9FF426695D1800D1AAC4 /* Frameworks */,
				2E1E9FF526695D1800D1AAC4 /* Resources */,
			);
			buildRules = (
			);
			dependencies = (
				2E1E9FF926695D1800D1AAC4 /* PBXTargetDependency */,
			);
			name = "app-ios-fw-testTests";
			productName = "app-ios-fw-testTests";
			productReference = 2E1E9FF726695D1800D1AAC4 /* app-ios-fw-testTests.xctest */;
			productType = "com.apple.product-type.bundle.unit-test";
		};
		2E1EA00126695D1800D1AAC4 /* app-ios-fw-testUITests */ = {
			isa = PBXNativeTarget;
			buildConfigurationList = 2E1EA01126695D1800D1AAC4 /* Build configuration list for PBXNativeTarget "app-ios-fw-testUITests" */;
			buildPhases = (
				2E1E9FFE26695D1800D1AAC4 /* Sources */,
				2E1E9FFF26695D1800D1AAC4 /* Frameworks */,
				2E1EA00026695D1800D1AAC4 /* Resources */,
			);
			buildRules = (
			);
			dependencies = (
				2E1EA00426695D1800D1AAC4 /* PBXTargetDependency */,
			);
			name = "app-ios-fw-testUITests";
			productName = "app-ios-fw-testUITests";
			productReference = 2E1EA00226695D1800D1AAC4 /* app-ios-fw-testUITests.xctest */;
			productType = "com.apple.product-type.bundle.ui-testing";
		};
		2E1EA01526695D6E00D1AAC4 /* watchApp-fw-test */ = {
			isa = PBXNativeTarget;
			buildConfigurationList = 2E1EA05226695D7100D1AAC4 /* Build configuration list for PBXNativeTarget "watchApp-fw-test" */;
			buildPhases = (
				2E1EA01426695D6E00D1AAC4 /* Resources */,
				2E1EA05126695D7100D1AAC4 /* Embed App Extensions */,
				2E1EA09326698E8F00D1AAC4 /* Frameworks */,
			);
			buildRules = (
			);
			dependencies = (
				2E1EA02226695D7000D1AAC4 /* PBXTargetDependency */,
			);
			name = "watchApp-fw-test";
			productName = "watchApp-fw-test";
			productReference = 2E1EA01626695D6E00D1AAC4 /* watchApp-fw-test.app */;
			productType = "com.apple.product-type.application.watchapp2";
		};
		2E1EA01E26695D7000D1AAC4 /* watchApp-fw-test Extension */ = {
			isa = PBXNativeTarget;
			buildConfigurationList = 2E1EA04E26695D7100D1AAC4 /* Build configuration list for PBXNativeTarget "watchApp-fw-test Extension" */;
			buildPhases = (
				2E1EA01B26695D7000D1AAC4 /* Sources */,
				2E1EA01C26695D7000D1AAC4 /* Frameworks */,
				2E1EA01D26695D7000D1AAC4 /* Resources */,
				2ECC300C266A766B00A78B77 /* Embed Frameworks */,
			);
			buildRules = (
			);
			dependencies = (
			);
			name = "watchApp-fw-test Extension";
			productName = "watchApp-fw-test Extension";
			productReference = 2E1EA01F26695D7000D1AAC4 /* watchApp-fw-test Extension.appex */;
			productType = "com.apple.product-type.watchkit2-extension";
		};
		2E1EA03826695D7100D1AAC4 /* watchApp-fw-testTests */ = {
			isa = PBXNativeTarget;
			buildConfigurationList = 2E1EA05626695D7100D1AAC4 /* Build configuration list for PBXNativeTarget "watchApp-fw-testTests" */;
			buildPhases = (
				2E1EA03526695D7100D1AAC4 /* Sources */,
				2E1EA03626695D7100D1AAC4 /* Frameworks */,
				2E1EA03726695D7100D1AAC4 /* Resources */,
			);
			buildRules = (
			);
			dependencies = (
				2E1EA03B26695D7100D1AAC4 /* PBXTargetDependency */,
			);
			name = "watchApp-fw-testTests";
			productName = "watchApp-fw-testTests";
			productReference = 2E1EA03926695D7100D1AAC4 /* watchApp-fw-testTests.xctest */;
			productType = "com.apple.product-type.bundle.unit-test";
		};
		2E1EA04326695D7100D1AAC4 /* watchApp-fw-testUITests */ = {
			isa = PBXNativeTarget;
			buildConfigurationList = 2E1EA05926695D7100D1AAC4 /* Build configuration list for PBXNativeTarget "watchApp-fw-testUITests" */;
			buildPhases = (
				2E1EA04026695D7100D1AAC4 /* Sources */,
				2E1EA04126695D7100D1AAC4 /* Frameworks */,
				2E1EA04226695D7100D1AAC4 /* Resources */,
			);
			buildRules = (
			);
			dependencies = (
				2E1EA04626695D7100D1AAC4 /* PBXTargetDependency */,
			);
			name = "watchApp-fw-testUITests";
			productName = "watchApp-fw-testUITests";
			productReference = 2E1EA04426695D7100D1AAC4 /* watchApp-fw-testUITests.xctest */;
			productType = "com.apple.product-type.bundle.ui-testing";
		};
/* End PBXNativeTarget section */

/* Begin PBXProject section */
		2E1E9FDE26695D1700D1AAC4 /* Project object */ = {
			isa = PBXProject;
			attributes = {
				LastSwiftUpdateCheck = 1250;
				LastUpgradeCheck = 1250;
				TargetAttributes = {
					2E1E9FE526695D1700D1AAC4 = {
						CreatedOnToolsVersion = 12.5;
					};
					2E1E9FF626695D1800D1AAC4 = {
						CreatedOnToolsVersion = 12.5;
						TestTargetID = 2E1E9FE526695D1700D1AAC4;
					};
					2E1EA00126695D1800D1AAC4 = {
						CreatedOnToolsVersion = 12.5;
						TestTargetID = 2E1E9FE526695D1700D1AAC4;
					};
					2E1EA01526695D6E00D1AAC4 = {
						CreatedOnToolsVersion = 12.5;
					};
					2E1EA01E26695D7000D1AAC4 = {
						CreatedOnToolsVersion = 12.5;
					};
					2E1EA03826695D7100D1AAC4 = {
						CreatedOnToolsVersion = 12.5;
						TestTargetID = 2E1EA01E26695D7000D1AAC4;
					};
					2E1EA04326695D7100D1AAC4 = {
						CreatedOnToolsVersion = 12.5;
						TestTargetID = 2E1EA01526695D6E00D1AAC4;
					};
				};
			};
			buildConfigurationList = 2E1E9FE126695D1700D1AAC4 /* Build configuration list for PBXProject "app-ios-fw-test" */;
			compatibilityVersion = "Xcode 9.3";
			developmentRegion = en;
			hasScannedForEncodings = 0;
			knownRegions = (
				en,
				Base,
			);
			mainGroup = 2E1E9FDD26695D1700D1AAC4;
			productRefGroup = 2E1E9FE726695D1700D1AAC4 /* Products */;
			projectDirPath = "";
			projectRoot = "";
			targets = (
				2E1E9FE526695D1700D1AAC4 /* app-ios-fw-test */,
				2E1E9FF626695D1800D1AAC4 /* app-ios-fw-testTests */,
				2E1EA00126695D1800D1AAC4 /* app-ios-fw-testUITests */,
				2E1EA01526695D6E00D1AAC4 /* watchApp-fw-test */,
				2E1EA01E26695D7000D1AAC4 /* watchApp-fw-test Extension */,
				2E1EA03826695D7100D1AAC4 /* watchApp-fw-testTests */,
				2E1EA04326695D7100D1AAC4 /* watchApp-fw-testUITests */,
			);
		};
/* End PBXProject section */

/* Begin PBXResourcesBuildPhase section */
		2E1E9FE426695D1700D1AAC4 /* Resources */ = {
			isa = PBXResourcesBuildPhase;
			buildActionMask = 2147483647;
			files = (
				2E1E9FF126695D1800D1AAC4 /* Preview Assets.xcassets in Resources */,
				2E1E9FEE26695D1800D1AAC4 /* Assets.xcassets in Resources */,
			);
			runOnlyForDeploymentPostprocessing = 0;
		};
		2E1E9FF526695D1800D1AAC4 /* Resources */ = {
			isa = PBXResourcesBuildPhase;
			buildActionMask = 2147483647;
			files = (
			);
			runOnlyForDeploymentPostprocessing = 0;
		};
		2E1EA00026695D1800D1AAC4 /* Resources */ = {
			isa = PBXResourcesBuildPhase;
			buildActionMask = 2147483647;
			files = (
			);
			runOnlyForDeploymentPostprocessing = 0;
		};
		2E1EA01426695D6E00D1AAC4 /* Resources */ = {
			isa = PBXResourcesBuildPhase;
			buildActionMask = 2147483647;
			files = (
				2E1EA01926695D7000D1AAC4 /* Assets.xcassets in Resources */,
			);
			runOnlyForDeploymentPostprocessing = 0;
		};
		2E1EA01D26695D7000D1AAC4 /* Resources */ = {
			isa = PBXResourcesBuildPhase;
			buildActionMask = 2147483647;
			files = (
				2E1EA03226695D7100D1AAC4 /* Preview Assets.xcassets in Resources */,
				2E1EA02F26695D7100D1AAC4 /* Assets.xcassets in Resources */,
			);
			runOnlyForDeploymentPostprocessing = 0;
		};
		2E1EA03726695D7100D1AAC4 /* Resources */ = {
			isa = PBXResourcesBuildPhase;
			buildActionMask = 2147483647;
			files = (
			);
			runOnlyForDeploymentPostprocessing = 0;
		};
		2E1EA04226695D7100D1AAC4 /* Resources */ = {
			isa = PBXResourcesBuildPhase;
			buildActionMask = 2147483647;
			files = (
			);
			runOnlyForDeploymentPostprocessing = 0;
		};
/* End PBXResourcesBuildPhase section */

/* Begin PBXSourcesBuildPhase section */
		2E1E9FE226695D1700D1AAC4 /* Sources */ = {
			isa = PBXSourcesBuildPhase;
			buildActionMask = 2147483647;
			files = (
				2E1E9FEC26695D1700D1AAC4 /* ContentView.swift in Sources */,
				2E1E9FEA26695D1700D1AAC4 /* app_ios_fw_testApp.swift in Sources */,
			);
			runOnlyForDeploymentPostprocessing = 0;
		};
		2E1E9FF326695D1800D1AAC4 /* Sources */ = {
			isa = PBXSourcesBuildPhase;
			buildActionMask = 2147483647;
			files = (
				2E1E9FFC26695D1800D1AAC4 /* app_ios_fw_testTests.swift in Sources */,
			);
			runOnlyForDeploymentPostprocessing = 0;
		};
		2E1E9FFE26695D1800D1AAC4 /* Sources */ = {
			isa = PBXSourcesBuildPhase;
			buildActionMask = 2147483647;
			files = (
				2E1EA00726695D1800D1AAC4 /* app_ios_fw_testUITests.swift in Sources */,
			);
			runOnlyForDeploymentPostprocessing = 0;
		};
		2E1EA01B26695D7000D1AAC4 /* Sources */ = {
			isa = PBXSourcesBuildPhase;
			buildActionMask = 2147483647;
			files = (
				2E1EA02926695D7000D1AAC4 /* NotificationController.swift in Sources */,
				2E1EA02726695D7000D1AAC4 /* ContentView.swift in Sources */,
				2E1EA02D26695D7000D1AAC4 /* ComplicationController.swift in Sources */,
				2E1EA02526695D7000D1AAC4 /* app_ios_fw_testApp.swift in Sources */,
				2E1EA02B26695D7000D1AAC4 /* NotificationView.swift in Sources */,
			);
			runOnlyForDeploymentPostprocessing = 0;
		};
		2E1EA03526695D7100D1AAC4 /* Sources */ = {
			isa = PBXSourcesBuildPhase;
			buildActionMask = 2147483647;
			files = (
				2E1EA03E26695D7100D1AAC4 /* watchApp_fw_testTests.swift in Sources */,
			);
			runOnlyForDeploymentPostprocessing = 0;
		};
		2E1EA04026695D7100D1AAC4 /* Sources */ = {
			isa = PBXSourcesBuildPhase;
			buildActionMask = 2147483647;
			files = (
				2E1EA04926695D7100D1AAC4 /* watchApp_fw_testUITests.swift in Sources */,
			);
			runOnlyForDeploymentPostprocessing = 0;
		};
/* End PBXSourcesBuildPhase section */

/* Begin PBXTargetDependency section */
		2E1E9FF926695D1800D1AAC4 /* PBXTargetDependency */ = {
			isa = PBXTargetDependency;
			target = 2E1E9FE526695D1700D1AAC4 /* app-ios-fw-test */;
			targetProxy = 2E1E9FF826695D1800D1AAC4 /* PBXContainerItemProxy */;
		};
		2E1EA00426695D1800D1AAC4 /* PBXTargetDependency */ = {
			isa = PBXTargetDependency;
			target = 2E1E9FE526695D1700D1AAC4 /* app-ios-fw-test */;
			targetProxy = 2E1EA00326695D1800D1AAC4 /* PBXContainerItemProxy */;
		};
		2E1EA02226695D7000D1AAC4 /* PBXTargetDependency */ = {
			isa = PBXTargetDependency;
			target = 2E1EA01E26695D7000D1AAC4 /* watchApp-fw-test Extension */;
			targetProxy = 2E1EA02126695D7000D1AAC4 /* PBXContainerItemProxy */;
		};
		2E1EA03B26695D7100D1AAC4 /* PBXTargetDependency */ = {
			isa = PBXTargetDependency;
			target = 2E1EA01E26695D7000D1AAC4 /* watchApp-fw-test Extension */;
			targetProxy = 2E1EA03A26695D7100D1AAC4 /* PBXContainerItemProxy */;
		};
		2E1EA04626695D7100D1AAC4 /* PBXTargetDependency */ = {
			isa = PBXTargetDependency;
			target = 2E1EA01526695D6E00D1AAC4 /* watchApp-fw-test */;
			targetProxy = 2E1EA04526695D7100D1AAC4 /* PBXContainerItemProxy */;
		};
		2E1EA04C26695D7100D1AAC4 /* PBXTargetDependency */ = {
			isa = PBXTargetDependency;
			target = 2E1EA01526695D6E00D1AAC4 /* watchApp-fw-test */;
			targetProxy = 2E1EA04B26695D7100D1AAC4 /* PBXContainerItemProxy */;
		};
/* End PBXTargetDependency section */

/* Begin XCBuildConfiguration section */
		2E1EA00926695D1800D1AAC4 /* Debug */ = {
			isa = XCBuildConfiguration;
			buildSettings = {
				ALWAYS_SEARCH_USER_PATHS = NO;
				CLANG_ANALYZER_NONNULL = YES;
				CLANG_ANALYZER_NUMBER_OBJECT_CONVERSION = YES_AGGRESSIVE;
				CLANG_CXX_LANGUAGE_STANDARD = "gnu++14";
				CLANG_CXX_LIBRARY = "libc++";
				CLANG_ENABLE_MODULES = YES;
				CLANG_ENABLE_OBJC_ARC = YES;
				CLANG_ENABLE_OBJC_WEAK = YES;
				CLANG_WARN_BLOCK_CAPTURE_AUTORELEASING = YES;
				CLANG_WARN_BOOL_CONVERSION = YES;
				CLANG_WARN_COMMA = YES;
				CLANG_WARN_CONSTANT_CONVERSION = YES;
				CLANG_WARN_DEPRECATED_OBJC_IMPLEMENTATIONS = YES;
				CLANG_WARN_DIRECT_OBJC_ISA_USAGE = YES_ERROR;
				CLANG_WARN_DOCUMENTATION_COMMENTS = YES;
				CLANG_WARN_EMPTY_BODY = YES;
				CLANG_WARN_ENUM_CONVERSION = YES;
				CLANG_WARN_INFINITE_RECURSION = YES;
				CLANG_WARN_INT_CONVERSION = YES;
				CLANG_WARN_NON_LITERAL_NULL_CONVERSION = YES;
				CLANG_WARN_OBJC_IMPLICIT_RETAIN_SELF = YES;
				CLANG_WARN_OBJC_LITERAL_CONVERSION = YES;
				CLANG_WARN_OBJC_ROOT_CLASS = YES_ERROR;
				CLANG_WARN_QUOTED_INCLUDE_IN_FRAMEWORK_HEADER = YES;
				CLANG_WARN_RANGE_LOOP_ANALYSIS = YES;
				CLANG_WARN_STRICT_PROTOTYPES = YES;
				CLANG_WARN_SUSPICIOUS_MOVE = YES;
				CLANG_WARN_UNGUARDED_AVAILABILITY = YES_AGGRESSIVE;
				CLANG_WARN_UNREACHABLE_CODE = YES;
				CLANG_WARN__DUPLICATE_METHOD_MATCH = YES;
				COPY_PHASE_STRIP = NO;
				DEBUG_INFORMATION_FORMAT = dwarf;
				ENABLE_STRICT_OBJC_MSGSEND = YES;
				ENABLE_TESTABILITY = YES;
				GCC_C_LANGUAGE_STANDARD = gnu11;
				GCC_DYNAMIC_NO_PIC = NO;
				GCC_NO_COMMON_BLOCKS = YES;
				GCC_OPTIMIZATION_LEVEL = 0;
				GCC_PREPROCESSOR_DEFINITIONS = (
					"DEBUG=1",
					"$(inherited)",
				);
				GCC_WARN_64_TO_32_BIT_CONVERSION = YES;
				GCC_WARN_ABOUT_RETURN_TYPE = YES_ERROR;
				GCC_WARN_UNDECLARED_SELECTOR = YES;
				GCC_WARN_UNINITIALIZED_AUTOS = YES_AGGRESSIVE;
				GCC_WARN_UNUSED_FUNCTION = YES;
				GCC_WARN_UNUSED_VARIABLE = YES;
				IPHONEOS_DEPLOYMENT_TARGET = 14.5;
				MTL_ENABLE_DEBUG_INFO = INCLUDE_SOURCE;
				MTL_FAST_MATH = YES;
				ONLY_ACTIVE_ARCH = YES;
				SDKROOT = iphoneos;
				SWIFT_ACTIVE_COMPILATION_CONDITIONS = DEBUG;
				SWIFT_OPTIMIZATION_LEVEL = "-Onone";
			};
			name = Debug;
		};
		2E1EA00A26695D1800D1AAC4 /* Release */ = {
			isa = XCBuildConfiguration;
			buildSettings = {
				ALWAYS_SEARCH_USER_PATHS = NO;
				CLANG_ANALYZER_NONNULL = YES;
				CLANG_ANALYZER_NUMBER_OBJECT_CONVERSION = YES_AGGRESSIVE;
				CLANG_CXX_LANGUAGE_STANDARD = "gnu++14";
				CLANG_CXX_LIBRARY = "libc++";
				CLANG_ENABLE_MODULES = YES;
				CLANG_ENABLE_OBJC_ARC = YES;
				CLANG_ENABLE_OBJC_WEAK = YES;
				CLANG_WARN_BLOCK_CAPTURE_AUTORELEASING = YES;
				CLANG_WARN_BOOL_CONVERSION = YES;
				CLANG_WARN_COMMA = YES;
				CLANG_WARN_CONSTANT_CONVERSION = YES;
				CLANG_WARN_DEPRECATED_OBJC_IMPLEMENTATIONS = YES;
				CLANG_WARN_DIRECT_OBJC_ISA_USAGE = YES_ERROR;
				CLANG_WARN_DOCUMENTATION_COMMENTS = YES;
				CLANG_WARN_EMPTY_BODY = YES;
				CLANG_WARN_ENUM_CONVERSION = YES;
				CLANG_WARN_INFINITE_RECURSION = YES;
				CLANG_WARN_INT_CONVERSION = YES;
				CLANG_WARN_NON_LITERAL_NULL_CONVERSION = YES;
				CLANG_WARN_OBJC_IMPLICIT_RETAIN_SELF = YES;
				CLANG_WARN_OBJC_LITERAL_CONVERSION = YES;
				CLANG_WARN_OBJC_ROOT_CLASS = YES_ERROR;
				CLANG_WARN_QUOTED_INCLUDE_IN_FRAMEWORK_HEADER = YES;
				CLANG_WARN_RANGE_LOOP_ANALYSIS = YES;
				CLANG_WARN_STRICT_PROTOTYPES = YES;
				CLANG_WARN_SUSPICIOUS_MOVE = YES;
				CLANG_WARN_UNGUARDED_AVAILABILITY = YES_AGGRESSIVE;
				CLANG_WARN_UNREACHABLE_CODE = YES;
				CLANG_WARN__DUPLICATE_METHOD_MATCH = YES;
				COPY_PHASE_STRIP = NO;
				DEBUG_INFORMATION_FORMAT = "dwarf-with-dsym";
				ENABLE_NS_ASSERTIONS = NO;
				ENABLE_STRICT_OBJC_MSGSEND = YES;
				GCC_C_LANGUAGE_STANDARD = gnu11;
				GCC_NO_COMMON_BLOCKS = YES;
				GCC_WARN_64_TO_32_BIT_CONVERSION = YES;
				GCC_WARN_ABOUT_RETURN_TYPE = YES_ERROR;
				GCC_WARN_UNDECLARED_SELECTOR = YES;
				GCC_WARN_UNINITIALIZED_AUTOS = YES_AGGRESSIVE;
				GCC_WARN_UNUSED_FUNCTION = YES;
				GCC_WARN_UNUSED_VARIABLE = YES;
				IPHONEOS_DEPLOYMENT_TARGET = 14.5;
				MTL_ENABLE_DEBUG_INFO = NO;
				MTL_FAST_MATH = YES;
				SDKROOT = iphoneos;
				SWIFT_COMPILATION_MODE = wholemodule;
				SWIFT_OPTIMIZATION_LEVEL = "-O";
				VALIDATE_PRODUCT = YES;
			};
			name = Release;
		};
		2E1EA00C26695D1800D1AAC4 /* Debug */ = {
			isa = XCBuildConfiguration;
			buildSettings = {
				ASSETCATALOG_COMPILER_APPICON_NAME = AppIcon;
				ASSETCATALOG_COMPILER_GLOBAL_ACCENT_COLOR_NAME = AccentColor;
				CODE_SIGN_STYLE = Automatic;
				DEVELOPMENT_ASSET_PATHS = "\"app-ios-fw-test/Preview Content\"";
				DEVELOPMENT_TEAM = KPK2BX5PW8;
				ENABLE_PREVIEWS = YES;
				INFOPLIST_FILE = "app-ios-fw-test/Info.plist";
				IPHONEOS_DEPLOYMENT_TARGET = 14.0;
				LD_RUNPATH_SEARCH_PATHS = (
					"$(inherited)",
					"@executable_path/Frameworks",
				);
				PRODUCT_BUNDLE_IDENTIFIER = "com.mayhem.app-ios-fw-test";
				PRODUCT_NAME = "$(TARGET_NAME)";
				SWIFT_VERSION = 5.0;
				TARGETED_DEVICE_FAMILY = "1,2";
			};
			name = Debug;
		};
		2E1EA00D26695D1800D1AAC4 /* Release */ = {
			isa = XCBuildConfiguration;
			buildSettings = {
				ASSETCATALOG_COMPILER_APPICON_NAME = AppIcon;
				ASSETCATALOG_COMPILER_GLOBAL_ACCENT_COLOR_NAME = AccentColor;
				CODE_SIGN_STYLE = Automatic;
				DEVELOPMENT_ASSET_PATHS = "\"app-ios-fw-test/Preview Content\"";
				DEVELOPMENT_TEAM = KPK2BX5PW8;
				ENABLE_PREVIEWS = YES;
				INFOPLIST_FILE = "app-ios-fw-test/Info.plist";
				IPHONEOS_DEPLOYMENT_TARGET = 14.0;
				LD_RUNPATH_SEARCH_PATHS = (
					"$(inherited)",
					"@executable_path/Frameworks",
				);
				PRODUCT_BUNDLE_IDENTIFIER = "com.mayhem.app-ios-fw-test";
				PRODUCT_NAME = "$(TARGET_NAME)";
				SWIFT_VERSION = 5.0;
				TARGETED_DEVICE_FAMILY = "1,2";
			};
			name = Release;
		};
		2E1EA00F26695D1800D1AAC4 /* Debug */ = {
			isa = XCBuildConfiguration;
			buildSettings = {
				ALWAYS_EMBED_SWIFT_STANDARD_LIBRARIES = YES;
				BUNDLE_LOADER = "$(TEST_HOST)";
				CODE_SIGN_STYLE = Automatic;
				DEVELOPMENT_TEAM = KPK2BX5PW8;
				INFOPLIST_FILE = "app-ios-fw-testTests/Info.plist";
				IPHONEOS_DEPLOYMENT_TARGET = 14.0;
				LD_RUNPATH_SEARCH_PATHS = (
					"$(inherited)",
					"@executable_path/Frameworks",
					"@loader_path/Frameworks",
				);
				PRODUCT_BUNDLE_IDENTIFIER = "com.mayhem.app-ios-fw-testTests";
				PRODUCT_NAME = "$(TARGET_NAME)";
				SWIFT_VERSION = 5.0;
				TARGETED_DEVICE_FAMILY = "1,2";
				TEST_HOST = "$(BUILT_PRODUCTS_DIR)/app-ios-fw-test.app/app-ios-fw-test";
			};
			name = Debug;
		};
		2E1EA01026695D1800D1AAC4 /* Release */ = {
			isa = XCBuildConfiguration;
			buildSettings = {
				ALWAYS_EMBED_SWIFT_STANDARD_LIBRARIES = YES;
				BUNDLE_LOADER = "$(TEST_HOST)";
				CODE_SIGN_STYLE = Automatic;
				DEVELOPMENT_TEAM = KPK2BX5PW8;
				INFOPLIST_FILE = "app-ios-fw-testTests/Info.plist";
				IPHONEOS_DEPLOYMENT_TARGET = 14.0;
				LD_RUNPATH_SEARCH_PATHS = (
					"$(inherited)",
					"@executable_path/Frameworks",
					"@loader_path/Frameworks",
				);
				PRODUCT_BUNDLE_IDENTIFIER = "com.mayhem.app-ios-fw-testTests";
				PRODUCT_NAME = "$(TARGET_NAME)";
				SWIFT_VERSION = 5.0;
				TARGETED_DEVICE_FAMILY = "1,2";
				TEST_HOST = "$(BUILT_PRODUCTS_DIR)/app-ios-fw-test.app/app-ios-fw-test";
			};
			name = Release;
		};
		2E1EA01226695D1800D1AAC4 /* Debug */ = {
			isa = XCBuildConfiguration;
			buildSettings = {
				ALWAYS_EMBED_SWIFT_STANDARD_LIBRARIES = YES;
				CODE_SIGN_STYLE = Automatic;
				DEVELOPMENT_TEAM = KPK2BX5PW8;
				INFOPLIST_FILE = "app-ios-fw-testUITests/Info.plist";
				LD_RUNPATH_SEARCH_PATHS = (
					"$(inherited)",
					"@executable_path/Frameworks",
					"@loader_path/Frameworks",
				);
				PRODUCT_BUNDLE_IDENTIFIER = "com.mayhem.app-ios-fw-testUITests";
				PRODUCT_NAME = "$(TARGET_NAME)";
				SWIFT_VERSION = 5.0;
				TARGETED_DEVICE_FAMILY = "1,2";
				TEST_TARGET_NAME = "app-ios-fw-test";
			};
			name = Debug;
		};
		2E1EA01326695D1800D1AAC4 /* Release */ = {
			isa = XCBuildConfiguration;
			buildSettings = {
				ALWAYS_EMBED_SWIFT_STANDARD_LIBRARIES = YES;
				CODE_SIGN_STYLE = Automatic;
				DEVELOPMENT_TEAM = KPK2BX5PW8;
				INFOPLIST_FILE = "app-ios-fw-testUITests/Info.plist";
				LD_RUNPATH_SEARCH_PATHS = (
					"$(inherited)",
					"@executable_path/Frameworks",
					"@loader_path/Frameworks",
				);
				PRODUCT_BUNDLE_IDENTIFIER = "com.mayhem.app-ios-fw-testUITests";
				PRODUCT_NAME = "$(TARGET_NAME)";
				SWIFT_VERSION = 5.0;
				TARGETED_DEVICE_FAMILY = "1,2";
				TEST_TARGET_NAME = "app-ios-fw-test";
			};
			name = Release;
		};
		2E1EA04F26695D7100D1AAC4 /* Debug */ = {
			isa = XCBuildConfiguration;
			buildSettings = {
				ASSETCATALOG_COMPILER_COMPLICATION_NAME = Complication;
				CODE_SIGN_STYLE = Automatic;
				DEVELOPMENT_ASSET_PATHS = "watchApp-fw-test\\ Extension/Preview\\ Content";
				DEVELOPMENT_TEAM = KPK2BX5PW8;
				ENABLE_PREVIEWS = YES;
				INFOPLIST_FILE = "watchApp-fw-test Extension/Info.plist";
				LD_RUNPATH_SEARCH_PATHS = (
					"$(inherited)",
					"@executable_path/Frameworks",
					"@executable_path/../../Frameworks",
				);
				PRODUCT_BUNDLE_IDENTIFIER = "com.mayhem.app-ios-fw-test.watchkitapp.watchkitextension";
				PRODUCT_NAME = "${TARGET_NAME}";
				SDKROOT = watchos;
				SKIP_INSTALL = YES;
				SWIFT_VERSION = 5.0;
				TARGETED_DEVICE_FAMILY = 4;
				WATCHOS_DEPLOYMENT_TARGET = 7.4;
			};
			name = Debug;
		};
		2E1EA05026695D7100D1AAC4 /* Release */ = {
			isa = XCBuildConfiguration;
			buildSettings = {
				ASSETCATALOG_COMPILER_COMPLICATION_NAME = Complication;
				CODE_SIGN_STYLE = Automatic;
				DEVELOPMENT_ASSET_PATHS = "watchApp-fw-test\\ Extension/Preview\\ Content";
				DEVELOPMENT_TEAM = KPK2BX5PW8;
				ENABLE_PREVIEWS = YES;
				INFOPLIST_FILE = "watchApp-fw-test Extension/Info.plist";
				LD_RUNPATH_SEARCH_PATHS = (
					"$(inherited)",
					"@executable_path/Frameworks",
					"@executable_path/../../Frameworks",
				);
				PRODUCT_BUNDLE_IDENTIFIER = "com.mayhem.app-ios-fw-test.watchkitapp.watchkitextension";
				PRODUCT_NAME = "${TARGET_NAME}";
				SDKROOT = watchos;
				SKIP_INSTALL = YES;
				SWIFT_VERSION = 5.0;
				TARGETED_DEVICE_FAMILY = 4;
				WATCHOS_DEPLOYMENT_TARGET = 7.4;
			};
			name = Release;
		};
		2E1EA05326695D7100D1AAC4 /* Debug */ = {
			isa = XCBuildConfiguration;
			buildSettings = {
				ALWAYS_EMBED_SWIFT_STANDARD_LIBRARIES = YES;
				ASSETCATALOG_COMPILER_APPICON_NAME = AppIcon;
				ASSETCATALOG_COMPILER_GLOBAL_ACCENT_COLOR_NAME = AccentColor;
				CODE_SIGN_STYLE = Automatic;
				DEVELOPMENT_TEAM = KPK2BX5PW8;
				IBSC_MODULE = watchApp_fw_test_Extension;
				INFOPLIST_FILE = "watchApp-fw-test/Info.plist";
				LD_RUNPATH_SEARCH_PATHS = (
					"$(inherited)",
					"@executable_path/Frameworks",
				);
				PRODUCT_BUNDLE_IDENTIFIER = "com.mayhem.app-ios-fw-test.watchkitapp";
				PRODUCT_NAME = "$(TARGET_NAME)";
				SDKROOT = watchos;
				SKIP_INSTALL = YES;
				SWIFT_VERSION = 5.0;
				TARGETED_DEVICE_FAMILY = 4;
				WATCHOS_DEPLOYMENT_TARGET = 7.4;
			};
			name = Debug;
		};
		2E1EA05426695D7100D1AAC4 /* Release */ = {
			isa = XCBuildConfiguration;
			buildSettings = {
				ALWAYS_EMBED_SWIFT_STANDARD_LIBRARIES = YES;
				ASSETCATALOG_COMPILER_APPICON_NAME = AppIcon;
				ASSETCATALOG_COMPILER_GLOBAL_ACCENT_COLOR_NAME = AccentColor;
				CODE_SIGN_STYLE = Automatic;
				DEVELOPMENT_TEAM = KPK2BX5PW8;
				IBSC_MODULE = watchApp_fw_test_Extension;
				INFOPLIST_FILE = "watchApp-fw-test/Info.plist";
				LD_RUNPATH_SEARCH_PATHS = (
					"$(inherited)",
					"@executable_path/Frameworks",
				);
				PRODUCT_BUNDLE_IDENTIFIER = "com.mayhem.app-ios-fw-test.watchkitapp";
				PRODUCT_NAME = "$(TARGET_NAME)";
				SDKROOT = watchos;
				SKIP_INSTALL = YES;
				SWIFT_VERSION = 5.0;
				TARGETED_DEVICE_FAMILY = 4;
				WATCHOS_DEPLOYMENT_TARGET = 7.4;
			};
			name = Release;
		};
		2E1EA05726695D7100D1AAC4 /* Debug */ = {
			isa = XCBuildConfiguration;
			buildSettings = {
				ALWAYS_EMBED_SWIFT_STANDARD_LIBRARIES = YES;
				BUNDLE_LOADER = "$(TEST_HOST)";
				CODE_SIGN_STYLE = Automatic;
				DEVELOPMENT_TEAM = KPK2BX5PW8;
				INFOPLIST_FILE = "watchApp-fw-testTests/Info.plist";
				LD_RUNPATH_SEARCH_PATHS = (
					"$(inherited)",
					"@executable_path/Frameworks",
					"@loader_path/Frameworks",
				);
				PRODUCT_BUNDLE_IDENTIFIER = "com.mayhem.app-ios-fw-test.watchApp-fw-testTests";
				PRODUCT_NAME = "$(TARGET_NAME)";
				SDKROOT = watchos;
				SWIFT_VERSION = 5.0;
				TARGETED_DEVICE_FAMILY = 4;
				TEST_HOST = "$(BUILT_PRODUCTS_DIR)/watchApp-fw-test Extension.appex/watchApp-fw-test Extension";
				WATCHOS_DEPLOYMENT_TARGET = 7.4;
			};
			name = Debug;
		};
		2E1EA05826695D7100D1AAC4 /* Release */ = {
			isa = XCBuildConfiguration;
			buildSettings = {
				ALWAYS_EMBED_SWIFT_STANDARD_LIBRARIES = YES;
				BUNDLE_LOADER = "$(TEST_HOST)";
				CODE_SIGN_STYLE = Automatic;
				DEVELOPMENT_TEAM = KPK2BX5PW8;
				INFOPLIST_FILE = "watchApp-fw-testTests/Info.plist";
				LD_RUNPATH_SEARCH_PATHS = (
					"$(inherited)",
					"@executable_path/Frameworks",
					"@loader_path/Frameworks",
				);
				PRODUCT_BUNDLE_IDENTIFIER = "com.mayhem.app-ios-fw-test.watchApp-fw-testTests";
				PRODUCT_NAME = "$(TARGET_NAME)";
				SDKROOT = watchos;
				SWIFT_VERSION = 5.0;
				TARGETED_DEVICE_FAMILY = 4;
				TEST_HOST = "$(BUILT_PRODUCTS_DIR)/watchApp-fw-test Extension.appex/watchApp-fw-test Extension";
				WATCHOS_DEPLOYMENT_TARGET = 7.4;
			};
			name = Release;
		};
		2E1EA05A26695D7100D1AAC4 /* Debug */ = {
			isa = XCBuildConfiguration;
			buildSettings = {
				CODE_SIGN_STYLE = Automatic;
				DEVELOPMENT_TEAM = KPK2BX5PW8;
				INFOPLIST_FILE = "watchApp-fw-testUITests/Info.plist";
				LD_RUNPATH_SEARCH_PATHS = (
					"$(inherited)",
					"@executable_path/Frameworks",
					"@loader_path/Frameworks",
				);
				PRODUCT_BUNDLE_IDENTIFIER = "com.mayhem.app-ios-fw-test.watchApp-fw-testUITests";
				PRODUCT_NAME = "$(TARGET_NAME)";
				SDKROOT = watchos;
				SWIFT_VERSION = 5.0;
				TARGETED_DEVICE_FAMILY = 4;
				TEST_TARGET_NAME = "watchApp-fw-test";
				WATCHOS_DEPLOYMENT_TARGET = 7.4;
			};
			name = Debug;
		};
		2E1EA05B26695D7100D1AAC4 /* Release */ = {
			isa = XCBuildConfiguration;
			buildSettings = {
				CODE_SIGN_STYLE = Automatic;
				DEVELOPMENT_TEAM = KPK2BX5PW8;
				INFOPLIST_FILE = "watchApp-fw-testUITests/Info.plist";
				LD_RUNPATH_SEARCH_PATHS = (
					"$(inherited)",
					"@executable_path/Frameworks",
					"@loader_path/Frameworks",
				);
				PRODUCT_BUNDLE_IDENTIFIER = "com.mayhem.app-ios-fw-test.watchApp-fw-testUITests";
				PRODUCT_NAME = "$(TARGET_NAME)";
				SDKROOT = watchos;
				SWIFT_VERSION = 5.0;
				TARGETED_DEVICE_FAMILY = 4;
				TEST_TARGET_NAME = "watchApp-fw-test";
				WATCHOS_DEPLOYMENT_TARGET = 7.4;
			};
			name = Release;
		};
/* End XCBuildConfiguration section */

/* Begin XCConfigurationList section */
		2E1E9FE126695D1700D1AAC4 /* Build configuration list for PBXProject "app-ios-fw-test" */ = {
			isa = XCConfigurationList;
			buildConfigurations = (
				2E1EA00926695D1800D1AAC4 /* Debug */,
				2E1EA00A26695D1800D1AAC4 /* Release */,
			);
			defaultConfigurationIsVisible = 0;
			defaultConfigurationName = Release;
		};
		2E1EA00B26695D1800D1AAC4 /* Build configuration list for PBXNativeTarget "app-ios-fw-test" */ = {
			isa = XCConfigurationList;
			buildConfigurations = (
				2E1EA00C26695D1800D1AAC4 /* Debug */,
				2E1EA00D26695D1800D1AAC4 /* Release */,
			);
			defaultConfigurationIsVisible = 0;
			defaultConfigurationName = Release;
		};
		2E1EA00E26695D1800D1AAC4 /* Build configuration list for PBXNativeTarget "app-ios-fw-testTests" */ = {
			isa = XCConfigurationList;
			buildConfigurations = (
				2E1EA00F26695D1800D1AAC4 /* Debug */,
				2E1EA01026695D1800D1AAC4 /* Release */,
			);
			defaultConfigurationIsVisible = 0;
			defaultConfigurationName = Release;
		};
		2E1EA01126695D1800D1AAC4 /* Build configuration list for PBXNativeTarget "app-ios-fw-testUITests" */ = {
			isa = XCConfigurationList;
			buildConfigurations = (
				2E1EA01226695D1800D1AAC4 /* Debug */,
				2E1EA01326695D1800D1AAC4 /* Release */,
			);
			defaultConfigurationIsVisible = 0;
			defaultConfigurationName = Release;
		};
		2E1EA04E26695D7100D1AAC4 /* Build configuration list for PBXNativeTarget "watchApp-fw-test Extension" */ = {
			isa = XCConfigurationList;
			buildConfigurations = (
				2E1EA04F26695D7100D1AAC4 /* Debug */,
				2E1EA05026695D7100D1AAC4 /* Release */,
			);
			defaultConfigurationIsVisible = 0;
			defaultConfigurationName = Release;
		};
		2E1EA05226695D7100D1AAC4 /* Build configuration list for PBXNativeTarget "watchApp-fw-test" */ = {
			isa = XCConfigurationList;
			buildConfigurations = (
				2E1EA05326695D7100D1AAC4 /* Debug */,
				2E1EA05426695D7100D1AAC4 /* Release */,
			);
			defaultConfigurationIsVisible = 0;
			defaultConfigurationName = Release;
		};
		2E1EA05626695D7100D1AAC4 /* Build configuration list for PBXNativeTarget "watchApp-fw-testTests" */ = {
			isa = XCConfigurationList;
			buildConfigurations = (
				2E1EA05726695D7100D1AAC4 /* Debug */,
				2E1EA05826695D7100D1AAC4 /* Release */,
			);
			defaultConfigurationIsVisible = 0;
			defaultConfigurationName = Release;
		};
		2E1EA05926695D7100D1AAC4 /* Build configuration list for PBXNativeTarget "watchApp-fw-testUITests" */ = {
			isa = XCConfigurationList;
			buildConfigurations = (
				2E1EA05A26695D7100D1AAC4 /* Debug */,
				2E1EA05B26695D7100D1AAC4 /* Release */,
			);
			defaultConfigurationIsVisible = 0;
			defaultConfigurationName = Release;
		};
/* End XCConfigurationList section */
	};
	rootObject = 2E1E9FDE26695D1700D1AAC4 /* Project object */;
}
